
Microsoft Visual Studio Solution File, Format Version 12.00
# Visual Studio Version 17
VisualStudioVersion = 17.6.33723.286
MinimumVisualStudioVersion = 10.0.40219.1
Project("{FAE04EC0-301F-11D3-BF4B-00C04F79EFBC}") = "7TheTriangleFarmer", "7TheTriangleFarmer.csproj", "{D987E6D5-F5D9-4C4D-BE16-5B103859DEB5}"
EndProject
Global
	GlobalSection(SolutionConfigurationPlatforms) = preSolution
		Debug|Any CPU = Debug|Any CPU
		Release|Any CPU = Release|Any CPU
	EndGlobalSection
	GlobalSection(ProjectConfigurationPlatforms) = postSolution
		{D987E6D5-F5D9-4C4D-BE16-5B103859DEB5}.Debug|Any CPU.ActiveCfg = Debug|Any CPU
		{D987E6D5-F5D9-4C4D-BE16-5B103859DEB5}.Debug|Any CPU.Build.0 = Debug|Any CPU
		{D987E6D5-F5D9-4C4D-BE16-5B103859DEB5}.Release|Any CPU.ActiveCfg = Release|Any CPU
		{D987E6D5-F5D9-4C4D-BE16-5B103859DEB5}.Release|Any CPU.Build.0 = Release|Any CPU
	EndGlobalSection
	GlobalSection(SolutionProperties) = preSolution
		HideSolutionNode = FALSE
	EndGlobalSection
	GlobalSection(ExtensibilityGlobals) = postSolution
		SolutionGuid = {81FEC134-839D-4C92-9EFF-EF7957568D45}
	EndGlobalSection
EndGlobal
