
Microsoft Visual Studio Solution File, Format Version 12.00
# Visual Studio Version 17
VisualStudioVersion = 17.6.33723.286
MinimumVisualStudioVersion = 10.0.40219.1
Project("{FAE04EC0-301F-11D3-BF4B-00C04F79EFBC}") = "9TheDominionOfKings", "9TheDominionOfKings.csproj", "{7B76B301-8C97-44CF-B6C8-6E91E5520BBF}"
EndProject
Global
	GlobalSection(SolutionConfigurationPlatforms) = preSolution
		Debug|Any CPU = Debug|Any CPU
		Release|Any CPU = Release|Any CPU
	EndGlobalSection
	GlobalSection(ProjectConfigurationPlatforms) = postSolution
		{7B76B301-8C97-44CF-B6C8-6E91E5520BBF}.Debug|Any CPU.ActiveCfg = Debug|Any CPU
		{7B76B301-8C97-44CF-B6C8-6E91E5520BBF}.Debug|Any CPU.Build.0 = Debug|Any CPU
		{7B76B301-8C97-44CF-B6C8-6E91E5520BBF}.Release|Any CPU.ActiveCfg = Release|Any CPU
		{7B76B301-8C97-44CF-B6C8-6E91E5520BBF}.Release|Any CPU.Build.0 = Release|Any CPU
	EndGlobalSection
	GlobalSection(SolutionProperties) = preSolution
		HideSolutionNode = FALSE
	EndGlobalSection
	GlobalSection(ExtensibilityGlobals) = postSolution
		SolutionGuid = {22C4C6EB-5F1F-4901-9205-4DA0D0BED248}
	EndGlobalSection
EndGlobal
