
Microsoft Visual Studio Solution File, Format Version 12.00
# Visual Studio Version 17
VisualStudioVersion = 17.6.33723.286
MinimumVisualStudioVersion = 10.0.40219.1
Project("{FAE04EC0-301F-11D3-BF4B-00C04F79EFBC}") = "5TheVariableShop", "5TheVariableShop.csproj", "{3831764D-99FD-49D4-B86D-01B827FE8884}"
EndProject
Global
	GlobalSection(SolutionConfigurationPlatforms) = preSolution
		Debug|Any CPU = Debug|Any CPU
		Release|Any CPU = Release|Any CPU
	EndGlobalSection
	GlobalSection(ProjectConfigurationPlatforms) = postSolution
		{3831764D-99FD-49D4-B86D-01B827FE8884}.Debug|Any CPU.ActiveCfg = Debug|Any CPU
		{3831764D-99FD-49D4-B86D-01B827FE8884}.Debug|Any CPU.Build.0 = Debug|Any CPU
		{3831764D-99FD-49D4-B86D-01B827FE8884}.Release|Any CPU.ActiveCfg = Release|Any CPU
		{3831764D-99FD-49D4-B86D-01B827FE8884}.Release|Any CPU.Build.0 = Release|Any CPU
	EndGlobalSection
	GlobalSection(SolutionProperties) = preSolution
		HideSolutionNode = FALSE
	EndGlobalSection
	GlobalSection(ExtensibilityGlobals) = postSolution
		SolutionGuid = {59ECC9DF-4BF2-4E90-9736-D1B022AAA870}
	EndGlobalSection
EndGlobal
